
Microsoft Visual Studio Solution File, Format Version 12.00
# Visual Studio Version 17
VisualStudioVersion = 17.12.35514.174 d17.12
MinimumVisualStudioVersion = 10.0.40219.1
Project("{FAE04EC0-301F-11D3-BF4B-00C04F79EFBC}") = "DVSModularServer", "DVSModularServer\DVSModularServer.csproj", "{5C055AC4-DC5C-4FA7-98E7-ED8F02C0D499}"
EndProject
Project("{FAE04EC0-301F-11D3-BF4B-00C04F79EFBC}") = "ModularServerSDK", "ModularServerSDK\ModularServerSDK.csproj", "{D815BCF2-842E-4BA2-97D3-726068A83616}"
EndProject
Project("{FAE04EC0-301F-11D3-BF4B-00C04F79EFBC}") = "DemoServer", "DemoServer\DemoServer.csproj", "{B0D736B8-AF0D-4702-B3EE-12926218C727}"
EndProject
Project("{FAE04EC0-301F-11D3-BF4B-00C04F79EFBC}") = "CryptoDemoAES", "CryptoDemoAES\CryptoDemoAES.csproj", "{43240F2F-F1EC-4B3E-847F-3DCA387703F5}"
EndProject
Project("{FAE04EC0-301F-11D3-BF4B-00C04F79EFBC}") = "Encrypted Module Generator", "Encrypted Module Generator\Encrypted Module Generator.csproj", "{9C644B16-0546-4F6E-9401-1261F568B75B}"
EndProject
Project("{FAE04EC0-301F-11D3-BF4B-00C04F79EFBC}") = "StatusServer", "StatusServer\StatusServer.csproj", "{D890B64C-5330-45A7-B48C-01799020CDFA}"
EndProject
Global
	GlobalSection(SolutionConfigurationPlatforms) = preSolution
		Debug|Any CPU = Debug|Any CPU
		Release|Any CPU = Release|Any CPU
	EndGlobalSection
	GlobalSection(ProjectConfigurationPlatforms) = postSolution
		{5C055AC4-DC5C-4FA7-98E7-ED8F02C0D499}.Debug|Any CPU.ActiveCfg = Debug|Any CPU
		{5C055AC4-DC5C-4FA7-98E7-ED8F02C0D499}.Debug|Any CPU.Build.0 = Debug|Any CPU
		{5C055AC4-DC5C-4FA7-98E7-ED8F02C0D499}.Release|Any CPU.ActiveCfg = Release|Any CPU
		{5C055AC4-DC5C-4FA7-98E7-ED8F02C0D499}.Release|Any CPU.Build.0 = Release|Any CPU
		{D815BCF2-842E-4BA2-97D3-726068A83616}.Debug|Any CPU.ActiveCfg = Debug|Any CPU
		{D815BCF2-842E-4BA2-97D3-726068A83616}.Debug|Any CPU.Build.0 = Debug|Any CPU
		{D815BCF2-842E-4BA2-97D3-726068A83616}.Release|Any CPU.ActiveCfg = Release|Any CPU
		{D815BCF2-842E-4BA2-97D3-726068A83616}.Release|Any CPU.Build.0 = Release|Any CPU
		{B0D736B8-AF0D-4702-B3EE-12926218C727}.Debug|Any CPU.ActiveCfg = Debug|Any CPU
		{B0D736B8-AF0D-4702-B3EE-12926218C727}.Debug|Any CPU.Build.0 = Debug|Any CPU
		{B0D736B8-AF0D-4702-B3EE-12926218C727}.Release|Any CPU.ActiveCfg = Release|Any CPU
		{B0D736B8-AF0D-4702-B3EE-12926218C727}.Release|Any CPU.Build.0 = Release|Any CPU
		{43240F2F-F1EC-4B3E-847F-3DCA387703F5}.Debug|Any CPU.ActiveCfg = Debug|Any CPU
		{43240F2F-F1EC-4B3E-847F-3DCA387703F5}.Debug|Any CPU.Build.0 = Debug|Any CPU
		{43240F2F-F1EC-4B3E-847F-3DCA387703F5}.Release|Any CPU.ActiveCfg = Release|Any CPU
		{43240F2F-F1EC-4B3E-847F-3DCA387703F5}.Release|Any CPU.Build.0 = Release|Any CPU
		{9C644B16-0546-4F6E-9401-1261F568B75B}.Debug|Any CPU.ActiveCfg = Debug|Any CPU
		{9C644B16-0546-4F6E-9401-1261F568B75B}.Debug|Any CPU.Build.0 = Debug|Any CPU
		{9C644B16-0546-4F6E-9401-1261F568B75B}.Release|Any CPU.ActiveCfg = Release|Any CPU
		{9C644B16-0546-4F6E-9401-1261F568B75B}.Release|Any CPU.Build.0 = Release|Any CPU
		{D890B64C-5330-45A7-B48C-01799020CDFA}.Debug|Any CPU.ActiveCfg = Debug|Any CPU
		{D890B64C-5330-45A7-B48C-01799020CDFA}.Debug|Any CPU.Build.0 = Debug|Any CPU
		{D890B64C-5330-45A7-B48C-01799020CDFA}.Release|Any CPU.ActiveCfg = Release|Any CPU
		{D890B64C-5330-45A7-B48C-01799020CDFA}.Release|Any CPU.Build.0 = Release|Any CPU
	EndGlobalSection
	GlobalSection(SolutionProperties) = preSolution
		HideSolutionNode = FALSE
	EndGlobalSection
EndGlobal
